{
  "name": "discern",
  "version": "0.2.0",
  "lockfileVersion": 3,
  "requires": true,
  "packages": {
    "": {
      "name": "discern",
      "version": "0.2.0",
      "license": "MIT",
      "devDependencies": {
        "effect": "4.0.0-rc.117",
        "typescript": "^5.8.3"
      },
      "engines": {
        "node": ">=20"
      },
      "peerDependencies": {
        "effect": ">=4.0.0-rc.116 <5"
      }
    },
    "node_modules/effect": {
      "version": "4.0.0-rc.117",
      "resolved": "https://registry.npmjs.org/effect/-/effect-4.0.0-rc.117.tgz",
      "integrity": "sha512-UUyi9QiOW4nySFIBM3KnYbNMd9EZliOdKfBcyLD0mPMPheO2fkuXS5y0opjWc9oqzlJxPQICEGm8gGw3kh9j/w==",
      "dev": true,
      "license": "MIT"
    },
    "node_modules/typescript": {
      "version": "5.9.3",
      "resolved": "https://registry.npmjs.org/typescript/-/typescript-5.9.3.tgz",
      "integrity": "sha512-jl1vZzPDinLr9eUt3J/t7V6FgNEw9QjvBPdysz9KfQDD41fQrC2Y4vKQdiaUpFT4bXlb1RHhLpp8wtm6M5TgSw==",
      "dev": true,
      "license": "Apache-2.0",
      "bin": {
        "tsc": "bin/tsc",
        "tsserver": "bin/tsserver"
      },
      "engines": {
        "node": ">=14.17"
      }
    }
  }
}
